
Microsoft Visual Studio Solution File, Format Version 12.00
# Visual Studio Version 17
VisualStudioVersion = 17.5.33627.172
MinimumVisualStudioVersion = 10.0.40219.1
Project("{9A19103F-16F7-4668-BE54-9A1E7A4F7556}") = "provience_api.API", "provience_api\provience_api.API.csproj", "{68541D64-19C1-4933-A934-6A419D7694ED}"
EndProject
Global
	GlobalSection(SolutionConfigurationPlatforms) = preSolution
		Debug|Any CPU = Debug|Any CPU
		Release|Any CPU = Release|Any CPU
	EndGlobalSection
	GlobalSection(ProjectConfigurationPlatforms) = postSolution
		{68541D64-19C1-4933-A934-6A419D7694ED}.Debug|Any CPU.ActiveCfg = Debug|Any CPU
		{68541D64-19C1-4933-A934-6A419D7694ED}.Debug|Any CPU.Build.0 = Debug|Any CPU
		{68541D64-19C1-4933-A934-6A419D7694ED}.Release|Any CPU.ActiveCfg = Release|Any CPU
		{68541D64-19C1-4933-A934-6A419D7694ED}.Release|Any CPU.Build.0 = Release|Any CPU
	EndGlobalSection
	GlobalSection(SolutionProperties) = preSolution
		HideSolutionNode = FALSE
	EndGlobalSection
	GlobalSection(ExtensibilityGlobals) = postSolution
		SolutionGuid = {8475D32A-BA88-4B5D-9EF4-B01F79C83345}
	EndGlobalSection
EndGlobal
